
Microsoft Visual Studio Solution File, Format Version 12.00
# Visual Studio Version 17
VisualStudioVersion = 17.0.31903.59
MinimumVisualStudioVersion = 10.0.40219.1
Project("{2150E333-8FDC-42A3-9474-1A3956D46DE8}") = "src", "src", "{827E0CD3-B72D-47B6-A68D-7590B98EB39B}"
EndProject
Project("{FAE04EC0-301F-11D3-BF4B-00C04F79EFBC}") = "BV87.App", "src\BV87.App\BV87.App.csproj", "{DFA30DD2-B2A3-4CF3-99DB-3D37D8CD4A40}"
EndProject
Project("{FAE04EC0-301F-11D3-BF4B-00C04F79EFBC}") = "BV87.Core", "src\BV87.Core\BV87.Core.csproj", "{3BD2A138-E674-42AD-BDB6-3BAD17D0FC7A}"
EndProject
Global
	GlobalSection(SolutionConfigurationPlatforms) = preSolution
		Debug|Any CPU = Debug|Any CPU
		Debug|x64 = Debug|x64
		Debug|x86 = Debug|x86
		Release|Any CPU = Release|Any CPU
		Release|x64 = Release|x64
		Release|x86 = Release|x86
	EndGlobalSection
	GlobalSection(ProjectConfigurationPlatforms) = postSolution
		{DFA30DD2-B2A3-4CF3-99DB-3D37D8CD4A40}.Debug|Any CPU.ActiveCfg = Debug|Any CPU
		{DFA30DD2-B2A3-4CF3-99DB-3D37D8CD4A40}.Debug|Any CPU.Build.0 = Debug|Any CPU
		{DFA30DD2-B2A3-4CF3-99DB-3D37D8CD4A40}.Debug|x64.ActiveCfg = Debug|Any CPU
		{DFA30DD2-B2A3-4CF3-99DB-3D37D8CD4A40}.Debug|x64.Build.0 = Debug|Any CPU
		{DFA30DD2-B2A3-4CF3-99DB-3D37D8CD4A40}.Debug|x86.ActiveCfg = Debug|Any CPU
		{DFA30DD2-B2A3-4CF3-99DB-3D37D8CD4A40}.Debug|x86.Build.0 = Debug|Any CPU
		{DFA30DD2-B2A3-4CF3-99DB-3D37D8CD4A40}.Release|Any CPU.ActiveCfg = Release|Any CPU
		{DFA30DD2-B2A3-4CF3-99DB-3D37D8CD4A40}.Release|Any CPU.Build.0 = Release|Any CPU
		{DFA30DD2-B2A3-4CF3-99DB-3D37D8CD4A40}.Release|x64.ActiveCfg = Release|Any CPU
		{DFA30DD2-B2A3-4CF3-99DB-3D37D8CD4A40}.Release|x64.Build.0 = Release|Any CPU
		{DFA30DD2-B2A3-4CF3-99DB-3D37D8CD4A40}.Release|x86.ActiveCfg = Release|Any CPU
		{DFA30DD2-B2A3-4CF3-99DB-3D37D8CD4A40}.Release|x86.Build.0 = Release|Any CPU
		{3BD2A138-E674-42AD-BDB6-3BAD17D0FC7A}.Debug|Any CPU.ActiveCfg = Debug|Any CPU
		{3BD2A138-E674-42AD-BDB6-3BAD17D0FC7A}.Debug|Any CPU.Build.0 = Debug|Any CPU
		{3BD2A138-E674-42AD-BDB6-3BAD17D0FC7A}.Debug|x64.ActiveCfg = Debug|Any CPU
		{3BD2A138-E674-42AD-BDB6-3BAD17D0FC7A}.Debug|x64.Build.0 = Debug|Any CPU
		{3BD2A138-E674-42AD-BDB6-3BAD17D0FC7A}.Debug|x86.ActiveCfg = Debug|Any CPU
		{3BD2A138-E674-42AD-BDB6-3BAD17D0FC7A}.Debug|x86.Build.0 = Debug|Any CPU
		{3BD2A138-E674-42AD-BDB6-3BAD17D0FC7A}.Release|Any CPU.ActiveCfg = Release|Any CPU
		{3BD2A138-E674-42AD-BDB6-3BAD17D0FC7A}.Release|Any CPU.Build.0 = Release|Any CPU
		{3BD2A138-E674-42AD-BDB6-3BAD17D0FC7A}.Release|x64.ActiveCfg = Release|Any CPU
		{3BD2A138-E674-42AD-BDB6-3BAD17D0FC7A}.Release|x64.Build.0 = Release|Any CPU
		{3BD2A138-E674-42AD-BDB6-3BAD17D0FC7A}.Release|x86.ActiveCfg = Release|Any CPU
		{3BD2A138-E674-42AD-BDB6-3BAD17D0FC7A}.Release|x86.Build.0 = Release|Any CPU
	EndGlobalSection
	GlobalSection(SolutionProperties) = preSolution
		HideSolutionNode = FALSE
	EndGlobalSection
	GlobalSection(NestedProjects) = preSolution
		{DFA30DD2-B2A3-4CF3-99DB-3D37D8CD4A40} = {827E0CD3-B72D-47B6-A68D-7590B98EB39B}
		{3BD2A138-E674-42AD-BDB6-3BAD17D0FC7A} = {827E0CD3-B72D-47B6-A68D-7590B98EB39B}
	EndGlobalSection
EndGlobal
